// !$*UTF8*$!
{
	archiveVersion = 1;
	classes = {
	};
	objectVersion = 56;
	objects = {

/* Begin PBXBuildFile section */
		ABA1AE9A2AA0DA9500394191 /* StartView.swift in Sources */ = {isa = PBXBuildFile; fileRef = ABA1AE992AA0DA9500394191 /* StartView.swift */; };
		ABBBB9C42AA3964300041CE9 /* CameraView.swift in Sources */ = {isa = PBXBuildFile; fileRef = ABBBB9C32AA3964300041CE9 /* CameraView.swift */; };
		ABBBB9C72AA3A0A700041CE9 /* Alamofire in Frameworks */ = {isa = PBXBuildFile; productRef = ABBBB9C62AA3A0A700041CE9 /* Alamofire */; };
		ABBBB9CA2AA3A0E100041CE9 /* SwiftyJSON in Frameworks */ = {isa = PBXBuildFile; productRef = ABBBB9C92AA3A0E100041CE9 /* SwiftyJSON */; };
		ABBBB9CD2AA3A1FE00041CE9 /* OpenAI in Frameworks */ = {isa = PBXBuildFile; productRef = ABBBB9CC2AA3A1FE00041CE9 /* OpenAI */; };
		ABBBB9D02AA3C40700041CE9 /* MLKitBarcodeScanning in Frameworks */ = {isa = PBXBuildFile; productRef = ABBBB9CF2AA3C40700041CE9 /* MLKitBarcodeScanning */; };
		ABBBB9D22AA3C40700041CE9 /* MLKitFaceDetection in Frameworks */ = {isa = PBXBuildFile; productRef = ABBBB9D12AA3C40700041CE9 /* MLKitFaceDetection */; };
		ABBBB9D82AA3C8FF00041CE9 /* TextAreaCode.swift in Sources */ = {isa = PBXBuildFile; fileRef = ABBBB9D72AA3C8FF00041CE9 /* TextAreaCode.swift */; };
		ABFDF56A2A9B93A400E19464 /* MVP_App.swift in Sources */ = {isa = PBXBuildFile; fileRef = ABFDF5692A9B93A400E19464 /* MVP_App.swift */; };
		ABFDF56C2A9B93A400E19464 /* ContentView.swift in Sources */ = {isa = PBXBuildFile; fileRef = ABFDF56B2A9B93A400E19464 /* ContentView.swift */; };
		ABFDF56E2A9B93A500E19464 /* Assets.xcassets in Resources */ = {isa = PBXBuildFile; fileRef = ABFDF56D2A9B93A500E19464 /* Assets.xcassets */; };
		ABFDF5712A9B93A500E19464 /* Preview Assets.xcassets in Resources */ = {isa = PBXBuildFile; fileRef = ABFDF5702A9B93A500E19464 /* Preview Assets.xcassets */; };
/* End PBXBuildFile section */

/* Begin PBXFileReference section */
		ABA1AE992AA0DA9500394191 /* StartView.swift */ = {isa = PBXFileReference; lastKnownFileType = sourcecode.swift; path = StartView.swift; sourceTree = "<group>"; };
		ABBBB9C32AA3964300041CE9 /* CameraView.swift */ = {isa = PBXFileReference; lastKnownFileType = sourcecode.swift; path = CameraView.swift; sourceTree = "<group>"; };
		ABBBB9D72AA3C8FF00041CE9 /* TextAreaCode.swift */ = {isa = PBXFileReference; lastKnownFileType = sourcecode.swift; path = TextAreaCode.swift; sourceTree = "<group>"; };
		ABFDF5662A9B93A400E19464 /* MVP_.app */ = {isa = PBXFileReference; explicitFileType = wrapper.application; includeInIndex = 0; path = MVP_.app; sourceTree = BUILT_PRODUCTS_DIR; };
		ABFDF5692A9B93A400E19464 /* MVP_App.swift */ = {isa = PBXFileReference; lastKnownFileType = sourcecode.swift; path = MVP_App.swift; sourceTree = "<group>"; };
		ABFDF56B2A9B93A400E19464 /* ContentView.swift */ = {isa = PBXFileReference; lastKnownFileType = sourcecode.swift; path = ContentView.swift; sourceTree = "<group>"; };
		ABFDF56D2A9B93A500E19464 /* Assets.xcassets */ = {isa = PBXFileReference; lastKnownFileType = folder.assetcatalog; path = Assets.xcassets; sourceTree = "<group>"; };
		ABFDF5702A9B93A500E19464 /* Preview Assets.xcassets */ = {isa = PBXFileReference; lastKnownFileType = folder.assetcatalog; path = "Preview Assets.xcassets"; sourceTree = "<group>"; };
/* End PBXFileReference section */

/* Begin PBXFrameworksBuildPhase section */
		ABFDF5632A9B93A400E19464 /* Frameworks */ = {
			isa = PBXFrameworksBuildPhase;
			buildActionMask = 2147483647;
			files = (
				ABBBB9CA2AA3A0E100041CE9 /* SwiftyJSON in Frameworks */,
				ABBBB9CD2AA3A1FE00041CE9 /* OpenAI in Frameworks */,
				ABBBB9D22AA3C40700041CE9 /* MLKitFaceDetection in Frameworks */,
				ABBBB9D02AA3C40700041CE9 /* MLKitBarcodeScanning in Frameworks */,
				ABBBB9C72AA3A0A700041CE9 /* Alamofire in Frameworks */,
			);
			runOnlyForDeploymentPostprocessing = 0;
		};
/* End PBXFrameworksBuildPhase section */

/* Begin PBXGroup section */
		ABFDF55D2A9B93A400E19464 = {
			isa = PBXGroup;
			children = (
				ABFDF5682A9B93A400E19464 /* MVP_ */,
				ABFDF5672A9B93A400E19464 /* Products */,
			);
			sourceTree = "<group>";
		};
		ABFDF5672A9B93A400E19464 /* Products */ = {
			isa = PBXGroup;
			children = (
				ABFDF5662A9B93A400E19464 /* MVP_.app */,
			);
			name = Products;
			sourceTree = "<group>";
		};
		ABFDF5682A9B93A400E19464 /* MVP_ */ = {
			isa = PBXGroup;
			children = (
				ABFDF5692A9B93A400E19464 /* MVP_App.swift */,
				ABFDF56B2A9B93A400E19464 /* ContentView.swift */,
				ABA1AE992AA0DA9500394191 /* StartView.swift */,
				ABBBB9D72AA3C8FF00041CE9 /* TextAreaCode.swift */,
				ABBBB9C32AA3964300041CE9 /* CameraView.swift */,
				ABFDF56D2A9B93A500E19464 /* Assets.xcassets */,
				ABFDF56F2A9B93A500E19464 /* Preview Content */,
			);
			path = MVP_;
			sourceTree = "<group>";
		};
		ABFDF56F2A9B93A500E19464 /* Preview Content */ = {
			isa = PBXGroup;
			children = (
				ABFDF5702A9B93A500E19464 /* Preview Assets.xcassets */,
			);
			path = "Preview Content";
			sourceTree = "<group>";
		};
/* End PBXGroup section */

/* Begin PBXNativeTarget section */
		ABFDF5652A9B93A400E19464 /* MVP_ */ = {
			isa = PBXNativeTarget;
			buildConfigurationList = ABFDF5742A9B93A500E19464 /* Build configuration list for PBXNativeTarget "MVP_" */;
			buildPhases = (
				ABFDF5622A9B93A400E19464 /* Sources */,
				ABFDF5632A9B93A400E19464 /* Frameworks */,
				ABFDF5642A9B93A400E19464 /* Resources */,
			);
			buildRules = (
			);
			dependencies = (
			);
			name = MVP_;
			packageProductDependencies = (
				ABBBB9C62AA3A0A700041CE9 /* Alamofire */,
				ABBBB9C92AA3A0E100041CE9 /* SwiftyJSON */,
				ABBBB9CC2AA3A1FE00041CE9 /* OpenAI */,
				ABBBB9CF2AA3C40700041CE9 /* MLKitBarcodeScanning */,
				ABBBB9D12AA3C40700041CE9 /* MLKitFaceDetection */,
			);
			productName = MVP_;
			productReference = ABFDF5662A9B93A400E19464 /* MVP_.app */;
			productType = "com.apple.product-type.application";
		};
/* End PBXNativeTarget section */

/* Begin PBXProject section */
		ABFDF55E2A9B93A400E19464 /* Project object */ = {
			isa = PBXProject;
			attributes = {
				BuildIndependentTargetsInParallel = 1;
				LastSwiftUpdateCheck = 1430;
				LastUpgradeCheck = 1430;
				TargetAttributes = {
					ABFDF5652A9B93A400E19464 = {
						CreatedOnToolsVersion = 14.3.1;
					};
				};
			};
			buildConfigurationList = ABFDF5612A9B93A400E19464 /* Build configuration list for PBXProject "MVP_" */;
			compatibilityVersion = "Xcode 14.0";
			developmentRegion = en;
			hasScannedForEncodings = 0;
			knownRegions = (
				en,
				Base,
			);
			mainGroup = ABFDF55D2A9B93A400E19464;
			packageReferences = (
				ABBBB9C52AA3A0A700041CE9 /* XCRemoteSwiftPackageReference "Alamofire" */,
				ABBBB9C82AA3A0E100041CE9 /* XCRemoteSwiftPackageReference "SwiftyJSON" */,
				ABBBB9CB2AA3A1FE00041CE9 /* XCRemoteSwiftPackageReference "OpenAI" */,
				ABBBB9CE2AA3C40700041CE9 /* XCRemoteSwiftPackageReference "google-mlkit-swiftpm" */,
			);
			productRefGroup = ABFDF5672A9B93A400E19464 /* Products */;
			projectDirPath = "";
			projectRoot = "";
			targets = (
				ABFDF5652A9B93A400E19464 /* MVP_ */,
			);
		};
/* End PBXProject section */

/* Begin PBXResourcesBuildPhase section */
		ABFDF5642A9B93A400E19464 /* Resources */ = {
			isa = PBXResourcesBuildPhase;
			buildActionMask = 2147483647;
			files = (
				ABFDF5712A9B93A500E19464 /* Preview Assets.xcassets in Resources */,
				ABFDF56E2A9B93A500E19464 /* Assets.xcassets in Resources */,
			);
			runOnlyForDeploymentPostprocessing = 0;
		};
/* End PBXResourcesBuildPhase section */

/* Begin PBXSourcesBuildPhase section */
		ABFDF5622A9B93A400E19464 /* Sources */ = {
			isa = PBXSourcesBuildPhase;
			buildActionMask = 2147483647;
			files = (
				ABA1AE9A2AA0DA9500394191 /* StartView.swift in Sources */,
				ABFDF56C2A9B93A400E19464 /* ContentView.swift in Sources */,
				ABFDF56A2A9B93A400E19464 /* MVP_App.swift in Sources */,
				ABBBB9D82AA3C8FF00041CE9 /* TextAreaCode.swift in Sources */,
				ABBBB9C42AA3964300041CE9 /* CameraView.swift in Sources */,
			);
			runOnlyForDeploymentPostprocessing = 0;
		};
/* End PBXSourcesBuildPhase section */

/* Begin XCBuildConfiguration section */
		ABFDF5722A9B93A500E19464 /* Debug */ = {
			isa = XCBuildConfiguration;
			buildSettings = {
				ALWAYS_SEARCH_USER_PATHS = NO;
				CLANG_ANALYZER_NONNULL = YES;
				CLANG_ANALYZER_NUMBER_OBJECT_CONVERSION = YES_AGGRESSIVE;
				CLANG_CXX_LANGUAGE_STANDARD = "gnu++20";
				CLANG_ENABLE_MODULES = YES;
				CLANG_ENABLE_OBJC_ARC = YES;
				CLANG_ENABLE_OBJC_WEAK = YES;
				CLANG_WARN_BLOCK_CAPTURE_AUTORELEASING = YES;
				CLANG_WARN_BOOL_CONVERSION = YES;
				CLANG_WARN_COMMA = YES;
				CLANG_WARN_CONSTANT_CONVERSION = YES;
				CLANG_WARN_DEPRECATED_OBJC_IMPLEMENTATIONS = YES;
				CLANG_WARN_DIRECT_OBJC_ISA_USAGE = YES_ERROR;
				CLANG_WARN_DOCUMENTATION_COMMENTS = YES;
				CLANG_WARN_EMPTY_BODY = YES;
				CLANG_WARN_ENUM_CONVERSION = YES;
				CLANG_WARN_INFINITE_RECURSION = YES;
				CLANG_WARN_INT_CONVERSION = YES;
				CLANG_WARN_NON_LITERAL_NULL_CONVERSION = YES;
				CLANG_WARN_OBJC_IMPLICIT_RETAIN_SELF = YES;
				CLANG_WARN_OBJC_LITERAL_CONVERSION = YES;
				CLANG_WARN_OBJC_ROOT_CLASS = YES_ERROR;
				CLANG_WARN_QUOTED_INCLUDE_IN_FRAMEWORK_HEADER = YES;
				CLANG_WARN_RANGE_LOOP_ANALYSIS = YES;
				CLANG_WARN_STRICT_PROTOTYPES = YES;
				CLANG_WARN_SUSPICIOUS_MOVE = YES;
				CLANG_WARN_UNGUARDED_AVAILABILITY = YES_AGGRESSIVE;
				CLANG_WARN_UNREACHABLE_CODE = YES;
				CLANG_WARN__DUPLICATE_METHOD_MATCH = YES;
				COPY_PHASE_STRIP = NO;
				DEBUG_INFORMATION_FORMAT = dwarf;
				ENABLE_STRICT_OBJC_MSGSEND = YES;
				ENABLE_TESTABILITY = YES;
				GCC_C_LANGUAGE_STANDARD = gnu11;
				GCC_DYNAMIC_NO_PIC = NO;
				GCC_NO_COMMON_BLOCKS = YES;
				GCC_OPTIMIZATION_LEVEL = 0;
				GCC_PREPROCESSOR_DEFINITIONS = (
					"DEBUG=1",
					"$(inherited)",
				);
				GCC_WARN_64_TO_32_BIT_CONVERSION = YES;
				GCC_WARN_ABOUT_RETURN_TYPE = YES_ERROR;
				GCC_WARN_UNDECLARED_SELECTOR = YES;
				GCC_WARN_UNINITIALIZED_AUTOS = YES_AGGRESSIVE;
				GCC_WARN_UNUSED_FUNCTION = YES;
				GCC_WARN_UNUSED_VARIABLE = YES;
				IPHONEOS_DEPLOYMENT_TARGET = 16.4;
				MTL_ENABLE_DEBUG_INFO = INCLUDE_SOURCE;
				MTL_FAST_MATH = YES;
				ONLY_ACTIVE_ARCH = YES;
				SDKROOT = iphoneos;
				SWIFT_ACTIVE_COMPILATION_CONDITIONS = DEBUG;
				SWIFT_OPTIMIZATION_LEVEL = "-Onone";
			};
			name = Debug;
		};
		ABFDF5732A9B93A500E19464 /* Release */ = {
			isa = XCBuildConfiguration;
			buildSettings = {
				ALWAYS_SEARCH_USER_PATHS = NO;
				CLANG_ANALYZER_NONNULL = YES;
				CLANG_ANALYZER_NUMBER_OBJECT_CONVERSION = YES_AGGRESSIVE;
				CLANG_CXX_LANGUAGE_STANDARD = "gnu++20";
				CLANG_ENABLE_MODULES = YES;
				CLANG_ENABLE_OBJC_ARC = YES;
				CLANG_ENABLE_OBJC_WEAK = YES;
				CLANG_WARN_BLOCK_CAPTURE_AUTORELEASING = YES;
				CLANG_WARN_BOOL_CONVERSION = YES;
				CLANG_WARN_COMMA = YES;
				CLANG_WARN_CONSTANT_CONVERSION = YES;
				CLANG_WARN_DEPRECATED_OBJC_IMPLEMENTATIONS = YES;
				CLANG_WARN_DIRECT_OBJC_ISA_USAGE = YES_ERROR;
				CLANG_WARN_DOCUMENTATION_COMMENTS = YES;
				CLANG_WARN_EMPTY_BODY = YES;
				CLANG_WARN_ENUM_CONVERSION = YES;
				CLANG_WARN_INFINITE_RECURSION = YES;
				CLANG_WARN_INT_CONVERSION = YES;
				CLANG_WARN_NON_LITERAL_NULL_CONVERSION = YES;
				CLANG_WARN_OBJC_IMPLICIT_RETAIN_SELF = YES;
				CLANG_WARN_OBJC_LITERAL_CONVERSION = YES;
				CLANG_WARN_OBJC_ROOT_CLASS = YES_ERROR;
				CLANG_WARN_QUOTED_INCLUDE_IN_FRAMEWORK_HEADER = YES;
				CLANG_WARN_RANGE_LOOP_ANALYSIS = YES;
				CLANG_WARN_STRICT_PROTOTYPES = YES;
				CLANG_WARN_SUSPICIOUS_MOVE = YES;
				CLANG_WARN_UNGUARDED_AVAILABILITY = YES_AGGRESSIVE;
				CLANG_WARN_UNREACHABLE_CODE = YES;
				CLANG_WARN__DUPLICATE_METHOD_MATCH = YES;
				COPY_PHASE_STRIP = NO;
				DEBUG_INFORMATION_FORMAT = "dwarf-with-dsym";
				ENABLE_NS_ASSERTIONS = NO;
				ENABLE_STRICT_OBJC_MSGSEND = YES;
				GCC_C_LANGUAGE_STANDARD = gnu11;
				GCC_NO_COMMON_BLOCKS = YES;
				GCC_WARN_64_TO_32_BIT_CONVERSION = YES;
				GCC_WARN_ABOUT_RETURN_TYPE = YES_ERROR;
				GCC_WARN_UNDECLARED_SELECTOR = YES;
				GCC_WARN_UNINITIALIZED_AUTOS = YES_AGGRESSIVE;
				GCC_WARN_UNUSED_FUNCTION = YES;
				GCC_WARN_UNUSED_VARIABLE = YES;
				IPHONEOS_DEPLOYMENT_TARGET = 16.4;
				MTL_ENABLE_DEBUG_INFO = NO;
				MTL_FAST_MATH = YES;
				SDKROOT = iphoneos;
				SWIFT_COMPILATION_MODE = wholemodule;
				SWIFT_OPTIMIZATION_LEVEL = "-O";
				VALIDATE_PRODUCT = YES;
			};
			name = Release;
		};
		ABFDF5752A9B93A500E19464 /* Debug */ = {
			isa = XCBuildConfiguration;
			buildSettings = {
				ASSETCATALOG_COMPILER_APPICON_NAME = AppIcon;
				ASSETCATALOG_COMPILER_GLOBAL_ACCENT_COLOR_NAME = AccentColor;
				CODE_SIGN_STYLE = Automatic;
				CURRENT_PROJECT_VERSION = 1;
				DEVELOPMENT_ASSET_PATHS = "\"MVP_/Preview Content\"";
				DEVELOPMENT_TEAM = C552WQXUWD;
				ENABLE_PREVIEWS = YES;
				GENERATE_INFOPLIST_FILE = YES;
				INFOPLIST_KEY_CFBundleDisplayName = PanDora;
				INFOPLIST_KEY_LSApplicationCategoryType = "public.app-category.education";
				INFOPLIST_KEY_NSCameraUsageDescription = "";
				INFOPLIST_KEY_UIApplicationSceneManifest_Generation = YES;
				INFOPLIST_KEY_UIApplicationSupportsIndirectInputEvents = YES;
				INFOPLIST_KEY_UILaunchScreen_Generation = YES;
				INFOPLIST_KEY_UISupportedInterfaceOrientations_iPad = "UIInterfaceOrientationPortrait UIInterfaceOrientationPortraitUpsideDown UIInterfaceOrientationLandscapeLeft UIInterfaceOrientationLandscapeRight";
				INFOPLIST_KEY_UISupportedInterfaceOrientations_iPhone = "UIInterfaceOrientationPortrait UIInterfaceOrientationLandscapeLeft UIInterfaceOrientationLandscapeRight";
				LD_RUNPATH_SEARCH_PATHS = (
					"$(inherited)",
					"@executable_path/Frameworks",
				);
				MARKETING_VERSION = 1.0;
				PRODUCT_BUNDLE_IDENTIFIER = "dev.4rNe5.MVP-";
				PRODUCT_NAME = "$(TARGET_NAME)";
				SWIFT_EMIT_LOC_STRINGS = YES;
				SWIFT_VERSION = 5.0;
				TARGETED_DEVICE_FAMILY = "1,2";
			};
			name = Debug;
		};
		ABFDF5762A9B93A500E19464 /* Release */ = {
			isa = XCBuildConfiguration;
			buildSettings = {
				ASSETCATALOG_COMPILER_APPICON_NAME = AppIcon;
				ASSETCATALOG_COMPILER_GLOBAL_ACCENT_COLOR_NAME = AccentColor;
				CODE_SIGN_STYLE = Automatic;
				CURRENT_PROJECT_VERSION = 1;
				DEVELOPMENT_ASSET_PATHS = "\"MVP_/Preview Content\"";
				DEVELOPMENT_TEAM = C552WQXUWD;
				ENABLE_PREVIEWS = YES;
				GENERATE_INFOPLIST_FILE = YES;
				INFOPLIST_KEY_CFBundleDisplayName = PanDora;
				INFOPLIST_KEY_LSApplicationCategoryType = "public.app-category.education";
				INFOPLIST_KEY_NSCameraUsageDescription = "";
				INFOPLIST_KEY_UIApplicationSceneManifest_Generation = YES;
				INFOPLIST_KEY_UIApplicationSupportsIndirectInputEvents = YES;
				INFOPLIST_KEY_UILaunchScreen_Generation = YES;
				INFOPLIST_KEY_UISupportedInterfaceOrientations_iPad = "UIInterfaceOrientationPortrait UIInterfaceOrientationPortraitUpsideDown UIInterfaceOrientationLandscapeLeft UIInterfaceOrientationLandscapeRight";
				INFOPLIST_KEY_UISupportedInterfaceOrientations_iPhone = "UIInterfaceOrientationPortrait UIInterfaceOrientationLandscapeLeft UIInterfaceOrientationLandscapeRight";
				LD_RUNPATH_SEARCH_PATHS = (
					"$(inherited)",
					"@executable_path/Frameworks",
				);
				MARKETING_VERSION = 1.0;
				PRODUCT_BUNDLE_IDENTIFIER = "dev.4rNe5.MVP-";
				PRODUCT_NAME = "$(TARGET_NAME)";
				SWIFT_EMIT_LOC_STRINGS = YES;
				SWIFT_VERSION = 5.0;
				TARGETED_DEVICE_FAMILY = "1,2";
			};
			name = Release;
		};
/* End XCBuildConfiguration section */

/* Begin XCConfigurationList section */
		ABFDF5612A9B93A400E19464 /* Build configuration list for PBXProject "MVP_" */ = {
			isa = XCConfigurationList;
			buildConfigurations = (
				ABFDF5722A9B93A500E19464 /* Debug */,
				ABFDF5732A9B93A500E19464 /* Release */,
			);
			defaultConfigurationIsVisible = 0;
			defaultConfigurationName = Release;
		};
		ABFDF5742A9B93A500E19464 /* Build configuration list for PBXNativeTarget "MVP_" */ = {
			isa = XCConfigurationList;
			buildConfigurations = (
				ABFDF5752A9B93A500E19464 /* Debug */,
				ABFDF5762A9B93A500E19464 /* Release */,
			);
			defaultConfigurationIsVisible = 0;
			defaultConfigurationName = Release;
		};
/* End XCConfigurationList section */

/* Begin XCRemoteSwiftPackageReference section */
		ABBBB9C52AA3A0A700041CE9 /* XCRemoteSwiftPackageReference "Alamofire" */ = {
			isa = XCRemoteSwiftPackageReference;
			repositoryURL = "https://github.com/Alamofire/Alamofire.git";
			requirement = {
				kind = upToNextMajorVersion;
				minimumVersion = 5.8.0;
			};
		};
		ABBBB9C82AA3A0E100041CE9 /* XCRemoteSwiftPackageReference "SwiftyJSON" */ = {
			isa = XCRemoteSwiftPackageReference;
			repositoryURL = "https://github.com/SwiftyJSON/SwiftyJSON.git";
			requirement = {
				kind = upToNextMajorVersion;
				minimumVersion = 5.0.1;
			};
		};
		ABBBB9CB2AA3A1FE00041CE9 /* XCRemoteSwiftPackageReference "OpenAI" */ = {
			isa = XCRemoteSwiftPackageReference;
			repositoryURL = "https://github.com/MacPaw/OpenAI.git";
			requirement = {
				kind = upToNextMajorVersion;
				minimumVersion = 0.2.4;
			};
		};
		ABBBB9CE2AA3C40700041CE9 /* XCRemoteSwiftPackageReference "google-mlkit-swiftpm" */ = {
			isa = XCRemoteSwiftPackageReference;
			repositoryURL = "https://github.com/d-date/google-mlkit-swiftpm.git";
			requirement = {
				kind = upToNextMajorVersion;
				minimumVersion = 3.2.1;
			};
		};
/* End XCRemoteSwiftPackageReference section */

/* Begin XCSwiftPackageProductDependency section */
		ABBBB9C62AA3A0A700041CE9 /* Alamofire */ = {
			isa = XCSwiftPackageProductDependency;
			package = ABBBB9C52AA3A0A700041CE9 /* XCRemoteSwiftPackageReference "Alamofire" */;
			productName = Alamofire;
		};
		ABBBB9C92AA3A0E100041CE9 /* SwiftyJSON */ = {
			isa = XCSwiftPackageProductDependency;
			package = ABBBB9C82AA3A0E100041CE9 /* XCRemoteSwiftPackageReference "SwiftyJSON" */;
			productName = SwiftyJSON;
		};
		ABBBB9CC2AA3A1FE00041CE9 /* OpenAI */ = {
			isa = XCSwiftPackageProductDependency;
			package = ABBBB9CB2AA3A1FE00041CE9 /* XCRemoteSwiftPackageReference "OpenAI" */;
			productName = OpenAI;
		};
		ABBBB9CF2AA3C40700041CE9 /* MLKitBarcodeScanning */ = {
			isa = XCSwiftPackageProductDependency;
			package = ABBBB9CE2AA3C40700041CE9 /* XCRemoteSwiftPackageReference "google-mlkit-swiftpm" */;
			productName = MLKitBarcodeScanning;
		};
		ABBBB9D12AA3C40700041CE9 /* MLKitFaceDetection */ = {
			isa = XCSwiftPackageProductDependency;
			package = ABBBB9CE2AA3C40700041CE9 /* XCRemoteSwiftPackageReference "google-mlkit-swiftpm" */;
			productName = MLKitFaceDetection;
		};
/* End XCSwiftPackageProductDependency section */
	};
	rootObject = ABFDF55E2A9B93A400E19464 /* Project object */;
}
